# @generated - this file is auto-generated by `mise lock` https://mise.jdx.dev/dev-tools/mise-lock.html

[[tools.bun]]
version = "1.3.14"
backend = "core:bun"

[tools.bun."platforms.linux-arm64"]
checksum = "sha256:a27ffb63a8310375836e0d6f668ae17fa8d8d18b88c37c821c65331973a19a3b"
url = "https://github.com/oven-sh/bun/releases/download/bun-v1.3.14/bun-linux-aarch64.zip"

[tools.bun."platforms.linux-arm64-musl"]
checksum = "sha256:b98e0ad3625c5c00d1d5b5ff55605c7adddbfae151861e68ade57b2d3b8703bb"
url = "https://github.com/oven-sh/bun/releases/download/bun-v1.3.14/bun-linux-aarch64-musl.zip"

[tools.bun."platforms.linux-x64"]
checksum = "sha256:951ee2aee855f08595aeec6225226a298d3fea83a3dcd6465c09cbccdf7e848f"
url = "https://github.com/oven-sh/bun/releases/download/bun-v1.3.14/bun-linux-x64.zip"

[tools.bun."platforms.linux-x64-baseline"]
checksum = "sha256:a063908ae08b7852ca10939bbdc6ceed3ddabce8fb9402dce83d65d73b36e6c7"
url = "https://github.com/oven-sh/bun/releases/download/bun-v1.3.14/bun-linux-x64-baseline.zip"

[tools.bun."platforms.linux-x64-musl"]
checksum = "sha256:14bd9aedeebf1dba67e8def9531c89bc989ecfdf1de42e5bfcaf1b8cd9294719"
url = "https://github.com/oven-sh/bun/releases/download/bun-v1.3.14/bun-linux-x64-musl.zip"

[tools.bun."platforms.linux-x64-musl-baseline"]
checksum = "sha256:56a7d6806cf155536c0178f0ea5fbd098e684fa509ebdb4fc0a7e19fb65382dc"
url = "https://github.com/oven-sh/bun/releases/download/bun-v1.3.14/bun-linux-x64-musl-baseline.zip"

[tools.bun."platforms.macos-arm64"]
checksum = "sha256:d8b96221828ad6f97ac7ac0ab7e95872341af763001e8803e8267652c2652620"
url = "https://github.com/oven-sh/bun/releases/download/bun-v1.3.14/bun-darwin-aarch64.zip"

[tools.bun."platforms.macos-x64"]
checksum = "sha256:4183df3374623e5bab315c547cfa0974533cd457d86b73b639f7a87974cd6633"
url = "https://github.com/oven-sh/bun/releases/download/bun-v1.3.14/bun-darwin-x64.zip"

[tools.bun."platforms.macos-x64-baseline"]
checksum = "sha256:3e35ad6f53971a9834bf9e6786e2adf72b5f1921cc9a9c5fde073d2972944076"
url = "https://github.com/oven-sh/bun/releases/download/bun-v1.3.14/bun-darwin-x64-baseline.zip"

[tools.bun."platforms.windows-x64"]
checksum = "sha256:0a0620930b6675d7ba440e81f4e0e00d3cfbe096c4b140d3fff02205e9e18922"
url = "https://github.com/oven-sh/bun/releases/download/bun-v1.3.14/bun-windows-x64.zip"

[tools.bun."platforms.windows-x64-baseline"]
checksum = "sha256:538f9c846355d9e847b2671bc00c47da4229a0befb24df3282b739770f3b475f"
url = "https://github.com/oven-sh/bun/releases/download/bun-v1.3.14/bun-windows-x64-baseline.zip"

[[tools.fzf]]
version = "0.74.2"
backend = "aqua:junegunn/fzf"

[tools.fzf."platforms.linux-arm64"]
checksum = "sha256:1373e3f5ed3c468179d4529942ddd96c234bcad1bcacaf238916e26a5234b5b2"
url = "https://github.com/junegunn/fzf/releases/download/v0.74.2/fzf-0.74.2-linux_arm64.tar.gz"
url_api = "https://api.github.com/repos/junegunn/fzf/releases/assets/497342620"

[tools.fzf."platforms.linux-arm64-musl"]
checksum = "sha256:1373e3f5ed3c468179d4529942ddd96c234bcad1bcacaf238916e26a5234b5b2"
url = "https://github.com/junegunn/fzf/releases/download/v0.74.2/fzf-0.74.2-linux_arm64.tar.gz"
url_api = "https://api.github.com/repos/junegunn/fzf/releases/assets/497342620"

[tools.fzf."platforms.linux-x64"]
checksum = "sha256:b3648f48675612b69ee35371cf6dc99ca96d767e89b912d079080916ac8ba8bd"
url = "https://github.com/junegunn/fzf/releases/download/v0.74.2/fzf-0.74.2-linux_amd64.tar.gz"
url_api = "https://api.github.com/repos/junegunn/fzf/releases/assets/497342478"

[tools.fzf."platforms.linux-x64-baseline"]
checksum = "sha256:b3648f48675612b69ee35371cf6dc99ca96d767e89b912d079080916ac8ba8bd"
url = "https://github.com/junegunn/fzf/releases/download/v0.74.2/fzf-0.74.2-linux_amd64.tar.gz"
url_api = "https://api.github.com/repos/junegunn/fzf/releases/assets/497342478"

[tools.fzf."platforms.linux-x64-musl"]
checksum = "sha256:b3648f48675612b69ee35371cf6dc99ca96d767e89b912d079080916ac8ba8bd"
url = "https://github.com/junegunn/fzf/releases/download/v0.74.2/fzf-0.74.2-linux_amd64.tar.gz"
url_api = "https://api.github.com/repos/junegunn/fzf/releases/assets/497342478"

[tools.fzf."platforms.linux-x64-musl-baseline"]
checksum = "sha256:b3648f48675612b69ee35371cf6dc99ca96d767e89b912d079080916ac8ba8bd"
url = "https://github.com/junegunn/fzf/releases/download/v0.74.2/fzf-0.74.2-linux_amd64.tar.gz"
url_api = "https://api.github.com/repos/junegunn/fzf/releases/assets/497342478"

[tools.fzf."platforms.macos-arm64"]
checksum = "sha256:d60ddb36356566ac69bae7c3504e888916cf747c9ad2132141c09229b1e28dee"
url = "https://github.com/junegunn/fzf/releases/download/v0.74.2/fzf-0.74.2-darwin_arm64.tar.gz"
url_api = "https://api.github.com/repos/junegunn/fzf/releases/assets/497342630"

[tools.fzf."platforms.macos-x64"]
checksum = "sha256:b019ae8bcca33945a2ffbbbf8369705405cd1406fc4d74267e712797010e3676"
url = "https://github.com/junegunn/fzf/releases/download/v0.74.2/fzf-0.74.2-darwin_amd64.tar.gz"
url_api = "https://api.github.com/repos/junegunn/fzf/releases/assets/497342631"

[tools.fzf."platforms.macos-x64-baseline"]
checksum = "sha256:b019ae8bcca33945a2ffbbbf8369705405cd1406fc4d74267e712797010e3676"
url = "https://github.com/junegunn/fzf/releases/download/v0.74.2/fzf-0.74.2-darwin_amd64.tar.gz"
url_api = "https://api.github.com/repos/junegunn/fzf/releases/assets/497342631"

[tools.fzf."platforms.windows-x64"]
checksum = "sha256:a5a3b27dd203469139d10669721952335b9b46f19346e3d1abc102a67ea60804"
url = "https://github.com/junegunn/fzf/releases/download/v0.74.2/fzf-0.74.2-windows_amd64.zip"
url_api = "https://api.github.com/repos/junegunn/fzf/releases/assets/497342617"

[tools.fzf."platforms.windows-x64-baseline"]
checksum = "sha256:a5a3b27dd203469139d10669721952335b9b46f19346e3d1abc102a67ea60804"
url = "https://github.com/junegunn/fzf/releases/download/v0.74.2/fzf-0.74.2-windows_amd64.zip"
url_api = "https://api.github.com/repos/junegunn/fzf/releases/assets/497342617"

[[tools.lua-language-server]]
version = "3.19.0"
backend = "aqua:LuaLS/lua-language-server"

[tools.lua-language-server."platforms.linux-arm64"]
checksum = "sha256:f625d3955c8cb2962b65f26970fa7caa502ed6ed448686aa0ffaa23a59ebd454"
url = "https://github.com/LuaLS/lua-language-server/releases/download/3.19.0/lua-language-server-3.19.0-linux-arm64.tar.gz"
url_api = "https://api.github.com/repos/LuaLS/lua-language-server/releases/assets/505549603"

[tools.lua-language-server."platforms.linux-arm64-musl"]
checksum = "sha256:f625d3955c8cb2962b65f26970fa7caa502ed6ed448686aa0ffaa23a59ebd454"
url = "https://github.com/LuaLS/lua-language-server/releases/download/3.19.0/lua-language-server-3.19.0-linux-arm64.tar.gz"
url_api = "https://api.github.com/repos/LuaLS/lua-language-server/releases/assets/505549603"

[tools.lua-language-server."platforms.linux-x64"]
checksum = "sha256:624ae8dd3bfbd5c2ee3ccf2f3547d33aeefa209971cce8c11d48f69fc1ec065a"
url = "https://github.com/LuaLS/lua-language-server/releases/download/3.19.0/lua-language-server-3.19.0-linux-x64.tar.gz"
url_api = "https://api.github.com/repos/LuaLS/lua-language-server/releases/assets/505550982"

[tools.lua-language-server."platforms.linux-x64-baseline"]
checksum = "sha256:624ae8dd3bfbd5c2ee3ccf2f3547d33aeefa209971cce8c11d48f69fc1ec065a"
url = "https://github.com/LuaLS/lua-language-server/releases/download/3.19.0/lua-language-server-3.19.0-linux-x64.tar.gz"
url_api = "https://api.github.com/repos/LuaLS/lua-language-server/releases/assets/505550982"

[tools.lua-language-server."platforms.linux-x64-musl"]
checksum = "sha256:624ae8dd3bfbd5c2ee3ccf2f3547d33aeefa209971cce8c11d48f69fc1ec065a"
url = "https://github.com/LuaLS/lua-language-server/releases/download/3.19.0/lua-language-server-3.19.0-linux-x64.tar.gz"
url_api = "https://api.github.com/repos/LuaLS/lua-language-server/releases/assets/505550982"

[tools.lua-language-server."platforms.linux-x64-musl-baseline"]
checksum = "sha256:624ae8dd3bfbd5c2ee3ccf2f3547d33aeefa209971cce8c11d48f69fc1ec065a"
url = "https://github.com/LuaLS/lua-language-server/releases/download/3.19.0/lua-language-server-3.19.0-linux-x64.tar.gz"
url_api = "https://api.github.com/repos/LuaLS/lua-language-server/releases/assets/505550982"

[tools.lua-language-server."platforms.macos-arm64"]
checksum = "sha256:c952adb8521d316ecbfe3b6add88e7cc03a4b5d74143911cbb61b30bbeafd7bb"
url = "https://github.com/LuaLS/lua-language-server/releases/download/3.19.0/lua-language-server-3.19.0-darwin-arm64.tar.gz"
url_api = "https://api.github.com/repos/LuaLS/lua-language-server/releases/assets/505549330"

[tools.lua-language-server."platforms.macos-x64"]
checksum = "sha256:0b7b75409994f8071304311fecf596b4529722bcc5e5287204e272f80d8e0101"
url = "https://github.com/LuaLS/lua-language-server/releases/download/3.19.0/lua-language-server-3.19.0-darwin-x64.tar.gz"
url_api = "https://api.github.com/repos/LuaLS/lua-language-server/releases/assets/505548839"

[tools.lua-language-server."platforms.macos-x64-baseline"]
checksum = "sha256:0b7b75409994f8071304311fecf596b4529722bcc5e5287204e272f80d8e0101"
url = "https://github.com/LuaLS/lua-language-server/releases/download/3.19.0/lua-language-server-3.19.0-darwin-x64.tar.gz"
url_api = "https://api.github.com/repos/LuaLS/lua-language-server/releases/assets/505548839"

[tools.lua-language-server."platforms.windows-x64"]
checksum = "sha256:cc100f23cc33d5ef90c6be9853934edaaf82f0f9c6a64b2a03fb8936d8cfc567"
url = "https://github.com/LuaLS/lua-language-server/releases/download/3.19.0/lua-language-server-3.19.0-win32-x64.zip"
url_api = "https://api.github.com/repos/LuaLS/lua-language-server/releases/assets/505550527"

[tools.lua-language-server."platforms.windows-x64-baseline"]
checksum = "sha256:cc100f23cc33d5ef90c6be9853934edaaf82f0f9c6a64b2a03fb8936d8cfc567"
url = "https://github.com/LuaLS/lua-language-server/releases/download/3.19.0/lua-language-server-3.19.0-win32-x64.zip"
url_api = "https://api.github.com/repos/LuaLS/lua-language-server/releases/assets/505550527"

[[tools.neovim]]
version = "0.12.4"
backend = "vfox:mise-plugins/vfox-neovim"

[tools.neovim."platforms.linux-arm64"]
url = "https://github.com/neovim/neovim/releases/download/v0.12.4/nvim-linux-arm64.tar.gz"

[tools.neovim."platforms.linux-arm64-musl"]
url = "https://github.com/neovim/neovim/releases/download/v0.12.4/nvim-linux-arm64.tar.gz"

[tools.neovim."platforms.linux-x64"]
url = "https://github.com/neovim/neovim/releases/download/v0.12.4/nvim-linux-x86_64.tar.gz"

[tools.neovim."platforms.linux-x64-baseline"]
url = "https://github.com/neovim/neovim/releases/download/v0.12.4/nvim-linux-x86_64.tar.gz"

[tools.neovim."platforms.linux-x64-musl"]
url = "https://github.com/neovim/neovim/releases/download/v0.12.4/nvim-linux-x86_64.tar.gz"

[tools.neovim."platforms.linux-x64-musl-baseline"]
url = "https://github.com/neovim/neovim/releases/download/v0.12.4/nvim-linux-x86_64.tar.gz"

[tools.neovim."platforms.macos-arm64"]
url = "https://github.com/neovim/neovim/releases/download/v0.12.4/nvim-macos-arm64.tar.gz"

[tools.neovim."platforms.macos-x64"]
url = "https://github.com/neovim/neovim/releases/download/v0.12.4/nvim-macos-x86_64.tar.gz"

[tools.neovim."platforms.macos-x64-baseline"]
url = "https://github.com/neovim/neovim/releases/download/v0.12.4/nvim-macos-x86_64.tar.gz"

[tools.neovim."platforms.windows-x64"]
url = "https://github.com/neovim/neovim/releases/download/v0.12.4/nvim-win64.zip"

[tools.neovim."platforms.windows-x64-baseline"]
url = "https://github.com/neovim/neovim/releases/download/v0.12.4/nvim-win64.zip"

[[tools.qsv]]
version = "22.0.1"
backend = "aqua:dathere/qsv"

[tools.qsv."platforms.linux-arm64"]
checksum = "sha256:b045bf3800fefdb9f7222a8db054cce2859a179ed5c14764a41aa362d6c8838b"
url = "https://github.com/dathere/qsv/releases/download/22.0.1/qsv-22.0.1-aarch64-unknown-linux-gnu.zip"
url_api = "https://api.github.com/repos/dathere/qsv/releases/assets/507510373"

[tools.qsv."platforms.linux-x64"]
checksum = "sha256:e74398627f24a3ccce09c7917cb4f75c95b96de41a79f4b600c646870cf59d9a"
url = "https://github.com/dathere/qsv/releases/download/22.0.1/qsv-22.0.1-x86_64-unknown-linux-musl.zip"
url_api = "https://api.github.com/repos/dathere/qsv/releases/assets/507534467"

[tools.qsv."platforms.linux-x64-baseline"]
checksum = "sha256:e74398627f24a3ccce09c7917cb4f75c95b96de41a79f4b600c646870cf59d9a"
url = "https://github.com/dathere/qsv/releases/download/22.0.1/qsv-22.0.1-x86_64-unknown-linux-musl.zip"
url_api = "https://api.github.com/repos/dathere/qsv/releases/assets/507534467"

[tools.qsv."platforms.linux-x64-musl"]
checksum = "sha256:e74398627f24a3ccce09c7917cb4f75c95b96de41a79f4b600c646870cf59d9a"
url = "https://github.com/dathere/qsv/releases/download/22.0.1/qsv-22.0.1-x86_64-unknown-linux-musl.zip"
url_api = "https://api.github.com/repos/dathere/qsv/releases/assets/507534467"

[tools.qsv."platforms.linux-x64-musl-baseline"]
checksum = "sha256:e74398627f24a3ccce09c7917cb4f75c95b96de41a79f4b600c646870cf59d9a"
url = "https://github.com/dathere/qsv/releases/download/22.0.1/qsv-22.0.1-x86_64-unknown-linux-musl.zip"
url_api = "https://api.github.com/repos/dathere/qsv/releases/assets/507534467"

[tools.qsv."platforms.macos-arm64"]
checksum = "sha256:735f366fb6272a772653c7106e42fd8b069a86d96eb0f9dbaf38945de09793ea"
url = "https://github.com/dathere/qsv/releases/download/22.0.1/qsv-22.0.1-aarch64-apple-darwin.zip"
url_api = "https://api.github.com/repos/dathere/qsv/releases/assets/507078794"

[tools.qsv."platforms.windows-x64"]
checksum = "sha256:9d95f7ae939b96124215ba9e34e18f067c5743f5961ce4caad32c164153290d7"
url = "https://github.com/dathere/qsv/releases/download/22.0.1/qsv-22.0.1-x86_64-pc-windows-msvc.zip"
url_api = "https://api.github.com/repos/dathere/qsv/releases/assets/507601523"

[tools.qsv."platforms.windows-x64-baseline"]
checksum = "sha256:9d95f7ae939b96124215ba9e34e18f067c5743f5961ce4caad32c164153290d7"
url = "https://github.com/dathere/qsv/releases/download/22.0.1/qsv-22.0.1-x86_64-pc-windows-msvc.zip"
url_api = "https://api.github.com/repos/dathere/qsv/releases/assets/507601523"

[[tools.shellcheck]]
version = "0.11.0"
backend = "aqua:koalaman/shellcheck"

[tools.shellcheck."platforms.linux-arm64"]
checksum = "sha256:12b331c1d2db6b9eb13cfca64306b1b157a86eb69db83023e261eaa7e7c14588"
url = "https://github.com/koalaman/shellcheck/releases/download/v0.11.0/shellcheck-v0.11.0.linux.aarch64.tar.xz"
url_api = "https://api.github.com/repos/koalaman/shellcheck/releases/assets/279056934"

[tools.shellcheck."platforms.linux-arm64-musl"]
checksum = "sha256:12b331c1d2db6b9eb13cfca64306b1b157a86eb69db83023e261eaa7e7c14588"
url = "https://github.com/koalaman/shellcheck/releases/download/v0.11.0/shellcheck-v0.11.0.linux.aarch64.tar.xz"
url_api = "https://api.github.com/repos/koalaman/shellcheck/releases/assets/279056934"

[tools.shellcheck."platforms.linux-x64"]
checksum = "sha256:8c3be12b05d5c177a04c29e3c78ce89ac86f1595681cab149b65b97c4e227198"
url = "https://github.com/koalaman/shellcheck/releases/download/v0.11.0/shellcheck-v0.11.0.linux.x86_64.tar.xz"
url_api = "https://api.github.com/repos/koalaman/shellcheck/releases/assets/279056942"

[tools.shellcheck."platforms.linux-x64-baseline"]
checksum = "sha256:8c3be12b05d5c177a04c29e3c78ce89ac86f1595681cab149b65b97c4e227198"
url = "https://github.com/koalaman/shellcheck/releases/download/v0.11.0/shellcheck-v0.11.0.linux.x86_64.tar.xz"
url_api = "https://api.github.com/repos/koalaman/shellcheck/releases/assets/279056942"

[tools.shellcheck."platforms.linux-x64-musl"]
checksum = "sha256:8c3be12b05d5c177a04c29e3c78ce89ac86f1595681cab149b65b97c4e227198"
url = "https://github.com/koalaman/shellcheck/releases/download/v0.11.0/shellcheck-v0.11.0.linux.x86_64.tar.xz"
url_api = "https://api.github.com/repos/koalaman/shellcheck/releases/assets/279056942"

[tools.shellcheck."platforms.linux-x64-musl-baseline"]
checksum = "sha256:8c3be12b05d5c177a04c29e3c78ce89ac86f1595681cab149b65b97c4e227198"
url = "https://github.com/koalaman/shellcheck/releases/download/v0.11.0/shellcheck-v0.11.0.linux.x86_64.tar.xz"
url_api = "https://api.github.com/repos/koalaman/shellcheck/releases/assets/279056942"

[tools.shellcheck."platforms.macos-arm64"]
checksum = "sha256:56affdd8de5527894dca6dc3d7e0a99a873b0f004d7aabc30ae407d3f48b0a79"
url = "https://github.com/koalaman/shellcheck/releases/download/v0.11.0/shellcheck-v0.11.0.darwin.aarch64.tar.xz"
url_api = "https://api.github.com/repos/koalaman/shellcheck/releases/assets/279056932"

[tools.shellcheck."platforms.macos-x64"]
checksum = "sha256:3c89db4edcab7cf1c27bff178882e0f6f27f7afdf54e859fa041fca10febe4c6"
url = "https://github.com/koalaman/shellcheck/releases/download/v0.11.0/shellcheck-v0.11.0.darwin.x86_64.tar.xz"
url_api = "https://api.github.com/repos/koalaman/shellcheck/releases/assets/279056930"

[tools.shellcheck."platforms.macos-x64-baseline"]
checksum = "sha256:3c89db4edcab7cf1c27bff178882e0f6f27f7afdf54e859fa041fca10febe4c6"
url = "https://github.com/koalaman/shellcheck/releases/download/v0.11.0/shellcheck-v0.11.0.darwin.x86_64.tar.xz"
url_api = "https://api.github.com/repos/koalaman/shellcheck/releases/assets/279056930"

[tools.shellcheck."platforms.windows-x64"]
checksum = "sha256:8a4e35ab0b331c85d73567b12f2a444df187f483e5079ceffa6bda1faa2e740e"
url = "https://github.com/koalaman/shellcheck/releases/download/v0.11.0/shellcheck-v0.11.0.zip"
url_api = "https://api.github.com/repos/koalaman/shellcheck/releases/assets/279056944"

[tools.shellcheck."platforms.windows-x64-baseline"]
checksum = "sha256:8a4e35ab0b331c85d73567b12f2a444df187f483e5079ceffa6bda1faa2e740e"
url = "https://github.com/koalaman/shellcheck/releases/download/v0.11.0/shellcheck-v0.11.0.zip"
url_api = "https://api.github.com/repos/koalaman/shellcheck/releases/assets/279056944"

[[tools.stylua]]
version = "2.5.2"
backend = "aqua:JohnnyMorganz/StyLua"

[tools.stylua."platforms.linux-arm64"]
checksum = "sha256:0ef2ebf0b7e5a652b65c4cb96c6d9ffb3981a98547de3c764465bbf54a8d761a"
url = "https://github.com/JohnnyMorganz/StyLua/releases/download/v2.5.2/stylua-linux-aarch64.zip"
url_api = "https://api.github.com/repos/JohnnyMorganz/StyLua/releases/assets/421900973"

[tools.stylua."platforms.linux-arm64-musl"]
checksum = "sha256:b948df6b4bae41af9a70948174372f96a3c14d44e3e017288701539f3db8fb75"
url = "https://github.com/JohnnyMorganz/StyLua/releases/download/v2.5.2/stylua-linux-aarch64-musl.zip"
url_api = "https://api.github.com/repos/JohnnyMorganz/StyLua/releases/assets/421900982"

[tools.stylua."platforms.linux-x64"]
checksum = "sha256:ca6f1cf52eaf69e6632b81acef9c197aa24b85eb30d2455a35e7dbe28ae77c72"
url = "https://github.com/JohnnyMorganz/StyLua/releases/download/v2.5.2/stylua-linux-x86_64-musl.zip"
url_api = "https://api.github.com/repos/JohnnyMorganz/StyLua/releases/assets/421901066"

[tools.stylua."platforms.linux-x64-baseline"]
checksum = "sha256:ca6f1cf52eaf69e6632b81acef9c197aa24b85eb30d2455a35e7dbe28ae77c72"
url = "https://github.com/JohnnyMorganz/StyLua/releases/download/v2.5.2/stylua-linux-x86_64-musl.zip"
url_api = "https://api.github.com/repos/JohnnyMorganz/StyLua/releases/assets/421901066"

[tools.stylua."platforms.linux-x64-musl"]
checksum = "sha256:ca6f1cf52eaf69e6632b81acef9c197aa24b85eb30d2455a35e7dbe28ae77c72"
url = "https://github.com/JohnnyMorganz/StyLua/releases/download/v2.5.2/stylua-linux-x86_64-musl.zip"
url_api = "https://api.github.com/repos/JohnnyMorganz/StyLua/releases/assets/421901066"

[tools.stylua."platforms.linux-x64-musl-baseline"]
checksum = "sha256:ca6f1cf52eaf69e6632b81acef9c197aa24b85eb30d2455a35e7dbe28ae77c72"
url = "https://github.com/JohnnyMorganz/StyLua/releases/download/v2.5.2/stylua-linux-x86_64-musl.zip"
url_api = "https://api.github.com/repos/JohnnyMorganz/StyLua/releases/assets/421901066"

[tools.stylua."platforms.macos-arm64"]
checksum = "sha256:92ff0889e16324801bc072692974bb67f8161e62010fc90f96c62a17f81f32c7"
url = "https://github.com/JohnnyMorganz/StyLua/releases/download/v2.5.2/stylua-macos-aarch64.zip"
url_api = "https://api.github.com/repos/JohnnyMorganz/StyLua/releases/assets/421901102"

[tools.stylua."platforms.macos-x64"]
checksum = "sha256:53c50a1605d0a6345d160a1a5a21db40bcf2bf9cd23c17f7c277a63a1bff3a7f"
url = "https://github.com/JohnnyMorganz/StyLua/releases/download/v2.5.2/stylua-macos-x86_64.zip"
url_api = "https://api.github.com/repos/JohnnyMorganz/StyLua/releases/assets/421901085"

[tools.stylua."platforms.macos-x64-baseline"]
checksum = "sha256:53c50a1605d0a6345d160a1a5a21db40bcf2bf9cd23c17f7c277a63a1bff3a7f"
url = "https://github.com/JohnnyMorganz/StyLua/releases/download/v2.5.2/stylua-macos-x86_64.zip"
url_api = "https://api.github.com/repos/JohnnyMorganz/StyLua/releases/assets/421901085"

[tools.stylua."platforms.windows-x64"]
checksum = "sha256:e77d0ea1226b8b389b43f702240091249a96eea25857281f90ea24d0eb9eb969"
url = "https://github.com/JohnnyMorganz/StyLua/releases/download/v2.5.2/stylua-windows-x86_64.zip"
url_api = "https://api.github.com/repos/JohnnyMorganz/StyLua/releases/assets/421902292"

[tools.stylua."platforms.windows-x64-baseline"]
checksum = "sha256:e77d0ea1226b8b389b43f702240091249a96eea25857281f90ea24d0eb9eb969"
url = "https://github.com/JohnnyMorganz/StyLua/releases/download/v2.5.2/stylua-windows-x86_64.zip"
url_api = "https://api.github.com/repos/JohnnyMorganz/StyLua/releases/assets/421902292"

[[tools.tree-sitter]]
version = "0.26.12"
backend = "aqua:tree-sitter/tree-sitter"

[tools.tree-sitter."platforms.linux-arm64"]
checksum = "sha256:cfbf3d9aad8e326878ab1846885a9c2b782a0333273591616f34bf556d525586"
url = "https://github.com/tree-sitter/tree-sitter/releases/download/v0.26.12/tree-sitter-linux-arm64.gz"
url_api = "https://api.github.com/repos/tree-sitter/tree-sitter/releases/assets/506408041"
provenance = "github-attestations"

[tools.tree-sitter."platforms.linux-arm64-musl"]
checksum = "sha256:cfbf3d9aad8e326878ab1846885a9c2b782a0333273591616f34bf556d525586"
url = "https://github.com/tree-sitter/tree-sitter/releases/download/v0.26.12/tree-sitter-linux-arm64.gz"
url_api = "https://api.github.com/repos/tree-sitter/tree-sitter/releases/assets/506408041"
provenance = "github-attestations"

[tools.tree-sitter."platforms.linux-x64"]
checksum = "sha256:d00ac0daefc4bf8c4b57842a5c0509927232faad1d83157b64fbad4e2e8d9a8b"
url = "https://github.com/tree-sitter/tree-sitter/releases/download/v0.26.12/tree-sitter-linux-x64.gz"
url_api = "https://api.github.com/repos/tree-sitter/tree-sitter/releases/assets/506408040"
provenance = "github-attestations"

[tools.tree-sitter."platforms.linux-x64-baseline"]
checksum = "sha256:d00ac0daefc4bf8c4b57842a5c0509927232faad1d83157b64fbad4e2e8d9a8b"
url = "https://github.com/tree-sitter/tree-sitter/releases/download/v0.26.12/tree-sitter-linux-x64.gz"
url_api = "https://api.github.com/repos/tree-sitter/tree-sitter/releases/assets/506408040"
provenance = "github-attestations"

[tools.tree-sitter."platforms.linux-x64-musl"]
checksum = "sha256:d00ac0daefc4bf8c4b57842a5c0509927232faad1d83157b64fbad4e2e8d9a8b"
url = "https://github.com/tree-sitter/tree-sitter/releases/download/v0.26.12/tree-sitter-linux-x64.gz"
url_api = "https://api.github.com/repos/tree-sitter/tree-sitter/releases/assets/506408040"
provenance = "github-attestations"

[tools.tree-sitter."platforms.linux-x64-musl-baseline"]
checksum = "sha256:d00ac0daefc4bf8c4b57842a5c0509927232faad1d83157b64fbad4e2e8d9a8b"
url = "https://github.com/tree-sitter/tree-sitter/releases/download/v0.26.12/tree-sitter-linux-x64.gz"
url_api = "https://api.github.com/repos/tree-sitter/tree-sitter/releases/assets/506408040"
provenance = "github-attestations"

[tools.tree-sitter."platforms.macos-arm64"]
checksum = "sha256:a7ddeff2507391ebdfd0b8fa0dfe91babed291ea00d86426cb0e6cfade891697"
url = "https://github.com/tree-sitter/tree-sitter/releases/download/v0.26.12/tree-sitter-macos-arm64.gz"
url_api = "https://api.github.com/repos/tree-sitter/tree-sitter/releases/assets/506408052"
provenance = "github-attestations"

[tools.tree-sitter."platforms.macos-x64"]
checksum = "sha256:6827b218bce4d5403cb76ae3c269bc836d3124b75bb3477197ee9a8c8f6e79dc"
url = "https://github.com/tree-sitter/tree-sitter/releases/download/v0.26.12/tree-sitter-macos-x64.gz"
url_api = "https://api.github.com/repos/tree-sitter/tree-sitter/releases/assets/506408053"
provenance = "github-attestations"

[tools.tree-sitter."platforms.macos-x64-baseline"]
checksum = "sha256:6827b218bce4d5403cb76ae3c269bc836d3124b75bb3477197ee9a8c8f6e79dc"
url = "https://github.com/tree-sitter/tree-sitter/releases/download/v0.26.12/tree-sitter-macos-x64.gz"
url_api = "https://api.github.com/repos/tree-sitter/tree-sitter/releases/assets/506408053"
provenance = "github-attestations"

[tools.tree-sitter."platforms.windows-x64"]
checksum = "sha256:3445cf022efbc3ffcc391a55ccb29a3ce277eea91c719247c2dad4dd9dac70f6"
url = "https://github.com/tree-sitter/tree-sitter/releases/download/v0.26.12/tree-sitter-windows-x64.gz"
url_api = "https://api.github.com/repos/tree-sitter/tree-sitter/releases/assets/506408056"
provenance = "github-attestations"

[tools.tree-sitter."platforms.windows-x64-baseline"]
checksum = "sha256:3445cf022efbc3ffcc391a55ccb29a3ce277eea91c719247c2dad4dd9dac70f6"
url = "https://github.com/tree-sitter/tree-sitter/releases/download/v0.26.12/tree-sitter-windows-x64.gz"
url_api = "https://api.github.com/repos/tree-sitter/tree-sitter/releases/assets/506408056"
provenance = "github-attestations"
